{
  "nodes": {
    "NixVirt": {
      "inputs": {
        "nixpkgs": [
          "nixpkgs"
        ]
      },
      "locked": {
        "lastModified": 1790582492,
        "narHash": "sha256-K3e4Kek8rl6+e0JFOABqoage01UyroU299WRMIK+qJo=",
        "ref": "refs/heads/master",
        "rev": "1718a120e0b5d6af4df53a5c95ab3c670ae2d6b7",
        "revCount": 451,
        "type": "git",
        "url": "https://github.com/AshleyYakeley/NixVirt"
      },
      "original": {
        "type": "git",
        "url": "https://github.com/AshleyYakeley/NixVirt"
      }
    },
    "betterfox": {
      "flake": false,
      "locked": {
        "lastModified": 1783030351,
        "narHash": "sha256-QfisBzeoc8nUrgk/+PTvG9JATsVRWo7RDbohlxkNc+A=",
        "ref": "refs/heads/main",
        "rev": "7558fdc9c5aa4483d3010584fd0c2ea9f7e47c5e",
        "revCount": 692,
        "type": "git",
        "url": "https://gitcode.com/GitHub_Trending/be/Betterfox"
      },
      "original": {
        "type": "git",
        "url": "https://gitcode.com/GitHub_Trending/be/Betterfox"
      }
    },
    "denial": {
      "flake": false,
      "locked": {
        "lastModified": 1790003358,
        "narHash": "sha256-tqA3i67ZQBHedbn3yzqp7z+jgHcZjsbtm5pjdymPK5Y=",
        "owner": "denialwm",
        "repo": "denial",
        "rev": "0fccf2c68ea560402153491a4efeabe6caefaa4e",
        "type": "github"
      },
      "original": {
        "owner": "denialwm",
        "ref": "v0.4.4",
        "repo": "denial",
        "type": "github"
      }
    },
    "denial-nixos": {
      "inputs": {
        "denial": "denial",
        "denialShell": "denialShell",
        "nixpkgs": [
          "nixpkgs"
        ],
        "rust-overlay": "rust-overlay"
      },
      "locked": {
        "lastModified": 1790021390,
        "narHash": "sha256-wlEEOhtfZzgtrYe7dwDGCcM+Q3FHIw1yYzd3Nt7Pzss=",
        "ref": "refs/heads/main",
        "rev": "a3fb79ed1f5af49a81e4778b81ad3ba4c986628d",
        "revCount": 13,
        "type": "git",
        "url": "https://github.com/BeyondtheApex/nixos-denial-compositor-flake-config"
      },
      "original": {
        "type": "git",
        "url": "https://github.com/BeyondtheApex/nixos-denial-compositor-flake-config"
      }
    },
    "denialShell": {
      "flake": false,
      "locked": {
        "lastModified": 1790003358,
        "narHash": "sha256-tqA3i67ZQBHedbn3yzqp7z+jgHcZjsbtm5pjdymPK5Y=",
        "owner": "denialwm",
        "repo": "denial",
        "rev": "0fccf2c68ea560402153491a4efeabe6caefaa4e",
        "type": "github"
      },
      "original": {
        "owner": "denialwm",
        "ref": "v0.4.4",
        "repo": "denial",
        "type": "github"
      }
    },
    "disko": {
      "inputs": {
        "nixpkgs": [
          "nixpkgs"
        ]
      },
      "locked": {
        "lastModified": 1789770686,
        "narHash": "sha256-uZkBR7yHdIKUFB5SZdfgh1qkGfI3XmYmI/lTiquxbck=",
        "ref": "refs/heads/master",
        "rev": "725ea35e410ad83be4931d1bff7e090eacaf3563",
        "revCount": 1394,
        "type": "git",
        "url": "https://git.nju.edu.cn/nix-mirror/disko"
      },
      "original": {
        "type": "git",
        "url": "https://git.nju.edu.cn/nix-mirror/disko"
      }
    },
    "flake-compat": {
      "locked": {
        "lastModified": 1767039857,
        "narHash": "sha256-vNpUSpF5Nuw8xvDLj2KCwwksIbjua2LZCqhV1LNRDns=",
        "ref": "refs/heads/master",
        "rev": "5edf11c44bc78a0d334f6334cdaf7d60d732daab",
        "revCount": 91,
        "type": "git",
        "url": "https://git.nju.edu.cn/nix-mirror/flake-compat"
      },
      "original": {
        "type": "git",
        "url": "https://git.nju.edu.cn/nix-mirror/flake-compat"
      }
    },
    "flake-parts": {
      "inputs": {
        "nixpkgs-lib": [
          "nixpkgs-lib"
        ]
      },
      "locked": {
        "lastModified": 1790898470,
        "narHash": "sha256-zTwuwezD0w3hpga6a6P8emidzAZFyWqlNeRBlpWOOl8=",
        "ref": "refs/heads/main",
        "rev": "024633cd702b10285db5cb19b40ad48d2399ba60",
        "revCount": 497,
        "type": "git",
        "url": "https://gitcode.com/gh_mirrors/fl/flake-parts"
      },
      "original": {
        "type": "git",
        "url": "https://gitcode.com/gh_mirrors/fl/flake-parts"
      }
    },
    "flake-utils": {
      "inputs": {
        "systems": "systems"
      },
      "locked": {
        "lastModified": 1701680307,
        "narHash": "sha256-kAuep2h5ajznlPMD9rnQyffWG8EM/C73lejGofXvdM8=",
        "ref": "refs/heads/main",
        "rev": "4022d587cbbfd70fe950c1e2083a02621806a725",
        "revCount": 88,
        "type": "git",
        "url": "https://gitcode.com/gh_mirrors/fl/flake-utils"
      },
      "original": {
        "type": "git",
        "url": "https://gitcode.com/gh_mirrors/fl/flake-utils"
      }
    },
    "hardware": {
      "inputs": {
        "nixpkgs": [
          "nixpkgs"
        ]
      },
      "locked": {
        "lastModified": 1788335262,
        "narHash": "sha256-3jBEq8avfzlrsY4UpW4d5TOmm7ocseZfnitEJhqauyc=",
        "ref": "refs/heads/master",
        "rev": "44d95795ee2d475b3d687325e26dcf4ca9104557",
        "revCount": 2845,
        "type": "git",
        "url": "https://gitee.com/mirrors/nixos-hardware"
      },
      "original": {
        "type": "git",
        "url": "https://gitee.com/mirrors/nixos-hardware"
      }
    },
    "home-manager": {
      "inputs": {
        "nixpkgs": [
          "nixpkgs"
        ]
      },
      "locked": {
        "lastModified": 1791465139,
        "narHash": "sha256-hXTjOf2VQDXrNt4aU9rmNhc0qdOhnjy9FcA4tlPEdq8=",
        "ref": "refs/heads/master",
        "rev": "678e6c11cd5d24226087dc758d17f705c7c4106a",
        "revCount": 7454,
        "type": "git",
        "url": "https://git.nju.edu.cn/nix-mirror/home-manager"
      },
      "original": {
        "type": "git",
        "url": "https://git.nju.edu.cn/nix-mirror/home-manager"
      }
    },
    "impermanence": {
      "inputs": {
        "home-manager": [
          "home-manager"
        ],
        "nixpkgs": [
          "nixpkgs"
        ]
      },
      "locked": {
        "lastModified": 1769548169,
        "narHash": "sha256-03+JxvzmfwRu+5JafM0DLbxgHttOQZkUtDWBmeUkN8Y=",
        "ref": "refs/heads/master",
        "rev": "7b1d382faf603b6d264f58627330f9faa5cba149",
        "revCount": 203,
        "type": "git",
        "url": "https://git.nju.edu.cn/nix-mirror/impermanence"
      },
      "original": {
        "type": "git",
        "url": "https://git.nju.edu.cn/nix-mirror/impermanence"
      }
    },
    "nix-alien": {
      "inputs": {
        "flake-compat": [
          "flake-compat"
        ],
        "nix-index-database": [
          "nix-index-database"
        ],
        "nixpkgs": [
          "nixpkgs"
        ]
      },
      "locked": {
        "lastModified": 1784108203,
        "narHash": "sha256-ORJbberaFELUoeFcGNj1XjxPioI+F3kjr59KAQNiP24=",
        "ref": "refs/heads/master",
        "rev": "cf154192fd22073ef73cea0472d07f6d46c89db4",
        "revCount": 425,
        "type": "git",
        "url": "https://gitcode.com/gh_mirrors/ni/nix-alien"
      },
      "original": {
        "type": "git",
        "url": "https://gitcode.com/gh_mirrors/ni/nix-alien"
      }
    },
    "nix-filter": {
      "locked": {
        "lastModified": 1757882181,
        "narHash": "sha256-+cCxYIh2UNalTz364p+QYmWHs0P+6wDhiWR4jDIKQIU=",
        "owner": "numtide",
        "repo": "nix-filter",
        "rev": "59c44d1909c72441144b93cf0f054be7fe764de5",
        "type": "github"
      },
      "original": {
        "owner": "numtide",
        "repo": "nix-filter",
        "type": "github"
      }
    },
    "nix-index-database": {
      "inputs": {
        "nixpkgs": [
          "nixpkgs"
        ]
      },
      "locked": {
        "lastModified": 1791105314,
        "narHash": "sha256-oTM7QFgRQ+vxBpMBMc7hEYpqBtpXAzXu2xuB/tru84U=",
        "ref": "refs/heads/main",
        "rev": "e740bc4e9d8918d7819a51486d5099930c65c72e",
        "revCount": 644,
        "type": "git",
        "url": "https://git.nju.edu.cn/nix-mirror/nix-index-database"
      },
      "original": {
        "type": "git",
        "url": "https://git.nju.edu.cn/nix-mirror/nix-index-database"
      }
    },
    "nixos-wsl": {
      "inputs": {
        "flake-compat": [
          "flake-compat"
        ],
        "nixpkgs": [
          "nixpkgs"
        ]
      },
      "locked": {
        "lastModified": 1789164534,
        "narHash": "sha256-DoYGPM6QpnYBLWj9gGw6ZwAzIX+HrAVov1BoT+8Jixo=",
        "ref": "refs/heads/main",
        "rev": "72c92b11bb8289e6651c7fef29cc0a885fd6a255",
        "revCount": 810,
        "type": "git",
        "url": "https://git.nju.edu.cn/nix-mirror/NixOS-WSL"
      },
      "original": {
        "type": "git",
        "url": "https://git.nju.edu.cn/nix-mirror/NixOS-WSL"
      }
    },
    "nixpkgs": {
      "locked": {
        "lastModified": 1744536153,
        "narHash": "sha256-awS2zRgF4uTwrOKwwiJcByDzDOdo3Q1rPZbiHQg/N38=",
        "owner": "NixOS",
        "repo": "nixpkgs",
        "rev": "18dd725c29603f582cf1900e0d25f9f1063dbf11",
        "type": "github"
      },
      "original": {
        "owner": "NixOS",
        "ref": "nixpkgs-unstable",
        "repo": "nixpkgs",
        "type": "github"
      }
    },
    "nixpkgs-lib": {
      "locked": {
        "lastModified": 1791085218,
        "narHash": "sha256-T1VbAlHaHtp0u7e0MFTxWbfONW9rNt94pBzMPPweQPk=",
        "ref": "refs/heads/master",
        "rev": "84c0df294bb8987f10938edc1aaa6b128ef913be",
        "revCount": 22576,
        "type": "git",
        "url": "https://git.nju.edu.cn/nix-mirror/nixpkgs.lib"
      },
      "original": {
        "type": "git",
        "url": "https://git.nju.edu.cn/nix-mirror/nixpkgs.lib"
      }
    },
    "nixpkgs_2": {
      "locked": {
        "lastModified": 1791366222,
        "narHash": "sha256-o0N4g6uSOIppU7CGToNvGlMf5vC+B6O6ukFHKY/TKOY=",
        "ref": "nixpkgs-unstable",
        "rev": "39ad350a0602fa0a58a544344e3e9187526ea45c",
        "shallow": true,
        "type": "git",
        "url": "https://git.nju.edu.cn/nix-mirror/nixpkgs"
      },
      "original": {
        "ref": "nixpkgs-unstable",
        "shallow": true,
        "type": "git",
        "url": "https://git.nju.edu.cn/nix-mirror/nixpkgs"
      }
    },
    "nixpkgs_3": {
      "locked": {
        "lastModified": 1791336361,
        "narHash": "sha256-o9ZUW4SlEAvFPIyJWnqChhOT/VHpHg8TAvEgmqK1fSI=",
        "owner": "NixOS",
        "repo": "nixpkgs",
        "rev": "7dd199b0e2993e37b4775ed66b1c291699608c9f",
        "type": "github"
      },
      "original": {
        "owner": "NixOS",
        "ref": "nixpkgs-unstable",
        "repo": "nixpkgs",
        "type": "github"
      }
    },
    "nixvim": {
      "inputs": {
        "flake-parts": [
          "flake-parts"
        ],
        "nixpkgs": "nixpkgs_3",
        "systems": "systems_2"
      },
      "locked": {
        "lastModified": 1791413357,
        "narHash": "sha256-5l8P7oeBdNQC8QhhyjcadWnDL2NWqfCjhyiEHzf5gMs=",
        "ref": "refs/heads/main",
        "rev": "2e18a1aee60f0b8193169ca225aa698d424c0d07",
        "revCount": 4769,
        "type": "git",
        "url": "https://git.nju.edu.cn/nix-mirror/nixvim"
      },
      "original": {
        "type": "git",
        "url": "https://git.nju.edu.cn/nix-mirror/nixvim"
      }
    },
    "plasma-manager": {
      "inputs": {
        "home-manager": [
          "home-manager"
        ],
        "nixpkgs": [
          "nixpkgs"
        ]
      },
      "locked": {
        "lastModified": 1785762349,
        "narHash": "sha256-jZhZkzAwc7f3exzcTDJWP2WCAchCv0iNC3UF/QsahdQ=",
        "ref": "refs/heads/trunk",
        "rev": "a19a2a029fa180911bd89c554dca1616e10f4c1d",
        "revCount": 327,
        "type": "git",
        "url": "https://git.nju.edu.cn/nix-mirror/plasma-manager"
      },
      "original": {
        "type": "git",
        "url": "https://git.nju.edu.cn/nix-mirror/plasma-manager"
      }
    },
    "root": {
      "inputs": {
        "NixVirt": "NixVirt",
        "betterfox": "betterfox",
        "denial-nixos": "denial-nixos",
        "disko": "disko",
        "flake-compat": "flake-compat",
        "flake-parts": "flake-parts",
        "flake-utils": "flake-utils",
        "hardware": "hardware",
        "home-manager": "home-manager",
        "impermanence": "impermanence",
        "nix-alien": "nix-alien",
        "nix-index-database": "nix-index-database",
        "nixos-wsl": "nixos-wsl",
        "nixpkgs": "nixpkgs_2",
        "nixpkgs-lib": "nixpkgs-lib",
        "nixvim": "nixvim",
        "plasma-manager": "plasma-manager",
        "treefmt-nix": "treefmt-nix",
        "uur": "uur",
        "winapps": "winapps"
      }
    },
    "rust-overlay": {
      "inputs": {
        "nixpkgs": "nixpkgs"
      },
      "locked": {
        "lastModified": 1787834454,
        "narHash": "sha256-jXSvqn04IOecJCvSvl8+g3PsbDVNP6qKs6dKUs/b16k=",
        "owner": "oxalica",
        "repo": "rust-overlay",
        "rev": "dc2fd1acc537f3583744e1373597a5731ff7a6e3",
        "type": "github"
      },
      "original": {
        "owner": "oxalica",
        "repo": "rust-overlay",
        "type": "github"
      }
    },
    "systems": {
      "locked": {
        "lastModified": 1681028828,
        "narHash": "sha256-Vy1rq5AaRuLzOxct8nz4T6wlgyUR7zLU309k9mBC768=",
        "owner": "nix-systems",
        "repo": "default",
        "rev": "da67096a3b9bf56a91d16901293e51ba5b49a27e",
        "type": "github"
      },
      "original": {
        "owner": "nix-systems",
        "repo": "default",
        "type": "github"
      }
    },
    "systems_2": {
      "flake": false,
      "locked": {
        "lastModified": 1791244623,
        "narHash": "sha256-uuanbkFk8a313Zfrxdcz8Us/yQtaxNnKJtX8v0ZPpd8=",
        "owner": "nix-systems",
        "repo": "default",
        "rev": "d36eeed142f88b5a636f2e3856a53c61654cf29b",
        "type": "github"
      },
      "original": {
        "owner": "nix-systems",
        "ref": "future-26.11",
        "repo": "default",
        "type": "github"
      }
    },
    "treefmt-nix": {
      "inputs": {
        "nixpkgs": [
          "nixpkgs"
        ]
      },
      "locked": {
        "lastModified": 1791440858,
        "narHash": "sha256-7OXThmOkHUYdFfotgtT9wK/Vh0LSpGTiVYVy1bzvPVU=",
        "ref": "refs/heads/main",
        "rev": "0585216029b53d58eb9e0b52df274034c6ce26e8",
        "revCount": 678,
        "type": "git",
        "url": "https://gitcode.com/gh_mirrors/tr/treefmt-nix"
      },
      "original": {
        "type": "git",
        "url": "https://gitcode.com/gh_mirrors/tr/treefmt-nix"
      }
    },
    "uur": {
      "inputs": {
        "nixpkgs": [
          "nixpkgs"
        ]
      },
      "locked": {
        "lastModified": 1791214839,
        "narHash": "sha256-Qla7DpC1/E18QeZ8/ZWI2Xqp7PCSf7ckPGJcJHiYbTg=",
        "ref": "refs/heads/master",
        "rev": "d349e6ff6a608e9942b0c84b5752bba46a8b8bf9",
        "revCount": 29,
        "type": "git",
        "url": "https://github.com/panxuc/uur"
      },
      "original": {
        "type": "git",
        "url": "https://github.com/panxuc/uur"
      }
    },
    "winapps": {
      "inputs": {
        "flake-compat": [
          "flake-compat"
        ],
        "flake-utils": [
          "flake-utils"
        ],
        "nix-filter": "nix-filter",
        "nixpkgs": [
          "nixpkgs"
        ]
      },
      "locked": {
        "lastModified": 1789407052,
        "narHash": "sha256-Wj3GJcgfs+npb+uiWE5CFtV/OzTo0wCz31jwK8EPCI4=",
        "ref": "refs/heads/main",
        "rev": "42c7e8318280c6fc3426c7afebfc7f43b895f4c8",
        "revCount": 930,
        "type": "git",
        "url": "https://gitcode.com/GitHub_Trending/wina/winapps"
      },
      "original": {
        "type": "git",
        "url": "https://gitcode.com/GitHub_Trending/wina/winapps"
      }
    }
  },
  "root": "root",
  "version": 7
}
