{
  "nodes": {
    "hardware": {
      "locked": {
        "lastModified": 1735388221,
        "narHash": "sha256-e5IOgjQf0SZcFCEV/gMGrsI0gCJyqOKShBQU0iiM3Kg=",
        "ref": "refs/heads/master",
        "rev": "7c674c6734f61157e321db595dbfcd8523e04e19",
        "revCount": 2057,
        "type": "git",
        "url": "https://github.com/nixos/nixos-hardware"
      },
      "original": {
        "type": "git",
        "url": "https://github.com/nixos/nixos-hardware"
      }
    },
    "home-manager": {
      "inputs": {
        "nixpkgs": [
          "nixpkgs"
        ]
      },
      "locked": {
        "lastModified": 1735900408,
        "narHash": "sha256-U+oZBQ3f5fF2hHsupKQH4ihgTKLHgcJh6jEmKDg+W10=",
        "ref": "refs/heads/master",
        "rev": "1c8d4c8d592e8fab4cff4397db5529ec6f078cf9",
        "revCount": 3963,
        "type": "git",
        "url": "https://github.com/nix-community/home-manager"
      },
      "original": {
        "type": "git",
        "url": "https://github.com/nix-community/home-manager"
      }
    },
    "nixpkgs": {
      "locked": {
        "lastModified": 1735617354,
        "narHash": "sha256-5zJyv66q68QZJZsXtmjDBazGnF0id593VSy+8eSckoo=",
        "ref": "nixpkgs-unstable",
        "rev": "69b9a8c860bdbb977adfa9c5e817ccb717884182",
        "revCount": 730508,
        "type": "git",
        "url": "https://mirrors.cernet.edu.cn/nixpkgs.git"
      },
      "original": {
        "ref": "nixpkgs-unstable",
        "type": "git",
        "url": "https://mirrors.cernet.edu.cn/nixpkgs.git"
      }
    },
    "plasma-manager": {
      "inputs": {
        "home-manager": [
          "home-manager"
        ],
        "nixpkgs": [
          "nixpkgs"
        ]
      },
      "locked": {
        "lastModified": 1735049224,
        "narHash": "sha256-fWUd9kyXdepphJ7cCzOsuSo7l0kbFCkUqfgKqZyFZzE=",
        "ref": "refs/heads/trunk",
        "rev": "d16bbded0ae452bc088489e7dca3ef58d8d1830b",
        "revCount": 268,
        "type": "git",
        "url": "https://github.com/nix-community/plasma-manager"
      },
      "original": {
        "type": "git",
        "url": "https://github.com/nix-community/plasma-manager"
      }
    },
    "root": {
      "inputs": {
        "hardware": "hardware",
        "home-manager": "home-manager",
        "nixpkgs": "nixpkgs",
        "plasma-manager": "plasma-manager"
      }
    }
  },
  "root": "root",
  "version": 7
}
