{
  "nodes": {
    "hardware": {
      "locked": {
        "lastModified": 1735388221,
        "narHash": "sha256-e5IOgjQf0SZcFCEV/gMGrsI0gCJyqOKShBQU0iiM3Kg=",
        "ref": "refs/heads/master",
        "rev": "7c674c6734f61157e321db595dbfcd8523e04e19",
        "revCount": 2057,
        "type": "git",
        "url": "https://github.com/nixos/nixos-hardware"
      },
      "original": {
        "type": "git",
        "url": "https://github.com/nixos/nixos-hardware"
      }
    },
    "home-manager": {
      "inputs": {
        "nixpkgs": [
          "nixpkgs"
        ]
      },
      "locked": {
        "lastModified": 1735774425,
        "narHash": "sha256-C73gLFnEh8ZI0uDijUgCDWCd21T6I6tsaWgIBHcfAXg=",
        "ref": "refs/heads/master",
        "rev": "5f6aa268e419d053c3d5025da740e390b12ac936",
        "revCount": 3955,
        "type": "git",
        "url": "https://github.com/nix-community/home-manager"
      },
      "original": {
        "type": "git",
        "url": "https://github.com/nix-community/home-manager"
      }
    },
    "nixpkgs": {
      "locked": {
        "lastModified": 1735617354,
        "narHash": "sha256-5zJyv66q68QZJZsXtmjDBazGnF0id593VSy+8eSckoo=",
        "ref": "nixpkgs-unstable",
        "rev": "69b9a8c860bdbb977adfa9c5e817ccb717884182",
        "revCount": 730508,
        "type": "git",
        "url": "https://mirrors.cernet.edu.cn/nixpkgs.git"
      },
      "original": {
        "ref": "nixpkgs-unstable",
        "type": "git",
        "url": "https://mirrors.cernet.edu.cn/nixpkgs.git"
      }
    },
    "root": {
      "inputs": {
        "hardware": "hardware",
        "home-manager": "home-manager",
        "nixpkgs": "nixpkgs"
      }
    }
  },
  "root": "root",
  "version": 7
}
